// !$*UTF8*$!
{
	archiveVersion = 1;
	classes = {
	};
	objectVersion = 46;
	objects = {

/* Begin PBXBuildFile section */
		39B5465D1C04708200F87235 /* AppDelegate.swift in Sources */ = {isa = PBXBuildFile; fileRef = 39B5465C1C04708200F87235 /* AppDelegate.swift */; };
		39B5465F1C04708200F87235 /* Assets.xcassets in Resources */ = {isa = PBXBuildFile; fileRef = 39B5465E1C04708200F87235 /* Assets.xcassets */; };
		39B546621C04708200F87235 /* MainMenu.xib in Resources */ = {isa = PBXBuildFile; fileRef = 39B546601C04708200F87235 /* MainMenu.xib */; };
		39B5466A1C04727100F87235 /* CLMenuItem.swift in Sources */ = {isa = PBXBuildFile; fileRef = 39B546691C04727100F87235 /* CLMenuItem.swift */; };
		39B5466C1C0475FC00F87235 /* NSColor+Hex.swift in Sources */ = {isa = PBXBuildFile; fileRef = 39B5466B1C0475FC00F87235 /* NSColor+Hex.swift */; };
		39B5466E1C0479BF00F87235 /* NSImage+SwatchWithColor.swift in Sources */ = {isa = PBXBuildFile; fileRef = 39B5466D1C0479BF00F87235 /* NSImage+SwatchWithColor.swift */; };
/* End PBXBuildFile section */

/* Begin PBXFileReference section */
		39B546591C04708200F87235 /* Cheerlights.app */ = {isa = PBXFileReference; explicitFileType = wrapper.application; includeInIndex = 0; path = Cheerlights.app; sourceTree = BUILT_PRODUCTS_DIR; };
		39B5465C1C04708200F87235 /* AppDelegate.swift */ = {isa = PBXFileReference; lastKnownFileType = sourcecode.swift; path = AppDelegate.swift; sourceTree = "<group>"; };
		39B5465E1C04708200F87235 /* Assets.xcassets */ = {isa = PBXFileReference; lastKnownFileType = folder.assetcatalog; path = Assets.xcassets; sourceTree = "<group>"; };
		39B546611C04708200F87235 /* Base */ = {isa = PBXFileReference; lastKnownFileType = file.xib; name = Base; path = Base.lproj/MainMenu.xib; sourceTree = "<group>"; };
		39B546631C04708200F87235 /* Info.plist */ = {isa = PBXFileReference; lastKnownFileType = text.plist.xml; path = Info.plist; sourceTree = "<group>"; };
		39B546691C04727100F87235 /* CLMenuItem.swift */ = {isa = PBXFileReference; fileEncoding = 4; lastKnownFileType = sourcecode.swift; path = CLMenuItem.swift; sourceTree = "<group>"; };
		39B5466B1C0475FC00F87235 /* NSColor+Hex.swift */ = {isa = PBXFileReference; fileEncoding = 4; lastKnownFileType = sourcecode.swift; path = "NSColor+Hex.swift"; sourceTree = "<group>"; };
		39B5466D1C0479BF00F87235 /* NSImage+SwatchWithColor.swift */ = {isa = PBXFileReference; fileEncoding = 4; lastKnownFileType = sourcecode.swift; path = "NSImage+SwatchWithColor.swift"; sourceTree = "<group>"; };
/* End PBXFileReference section */

/* Begin PBXFrameworksBuildPhase section */
		39B546561C04708200F87235 /* Frameworks */ = {
			isa = PBXFrameworksBuildPhase;
			buildActionMask = 2147483647;
			files = (
			);
			runOnlyForDeploymentPostprocessing = 0;
		};
/* End PBXFrameworksBuildPhase section */

/* Begin PBXGroup section */
		39B546501C04708200F87235 = {
			isa = PBXGroup;
			children = (
				39B5465B1C04708200F87235 /* Cheerlights */,
				39B5465A1C04708200F87235 /* Products */,
			);
			sourceTree = "<group>";
		};
		39B5465A1C04708200F87235 /* Products */ = {
			isa = PBXGroup;
			children = (
				39B546591C04708200F87235 /* Cheerlights.app */,
			);
			name = Products;
			sourceTree = "<group>";
		};
		39B5465B1C04708200F87235 /* Cheerlights */ = {
			isa = PBXGroup;
			children = (
				39B5465C1C04708200F87235 /* AppDelegate.swift */,
				39B5466D1C0479BF00F87235 /* NSImage+SwatchWithColor.swift */,
				39B5466B1C0475FC00F87235 /* NSColor+Hex.swift */,
				39B546691C04727100F87235 /* CLMenuItem.swift */,
				39B5465E1C04708200F87235 /* Assets.xcassets */,
				39B546601C04708200F87235 /* MainMenu.xib */,
				39B546631C04708200F87235 /* Info.plist */,
			);
			path = Cheerlights;
			sourceTree = "<group>";
		};
/* End PBXGroup section */

/* Begin PBXNativeTarget section */
		39B546581C04708200F87235 /* Cheerlights */ = {
			isa = PBXNativeTarget;
			buildConfigurationList = 39B546661C04708200F87235 /* Build configuration list for PBXNativeTarget "Cheerlights" */;
			buildPhases = (
				39B546551C04708200F87235 /* Sources */,
				39B546561C04708200F87235 /* Frameworks */,
				39B546571C04708200F87235 /* Resources */,
			);
			buildRules = (
			);
			dependencies = (
			);
			name = Cheerlights;
			productName = Cheerlights;
			productReference = 39B546591C04708200F87235 /* Cheerlights.app */;
			productType = "com.apple.product-type.application";
		};
/* End PBXNativeTarget section */

/* Begin PBXProject section */
		39B546511C04708200F87235 /* Project object */ = {
			isa = PBXProject;
			attributes = {
				LastSwiftUpdateCheck = 0710;
				LastUpgradeCheck = 0710;
				ORGANIZATIONNAME = "Kilian Költzsch";
				TargetAttributes = {
					39B546581C04708200F87235 = {
						CreatedOnToolsVersion = 7.1.1;
						DevelopmentTeam = HU85FER47E;
					};
				};
			};
			buildConfigurationList = 39B546541C04708200F87235 /* Build configuration list for PBXProject "Cheerlights" */;
			compatibilityVersion = "Xcode 3.2";
			developmentRegion = English;
			hasScannedForEncodings = 0;
			knownRegions = (
				en,
				Base,
			);
			mainGroup = 39B546501C04708200F87235;
			productRefGroup = 39B5465A1C04708200F87235 /* Products */;
			projectDirPath = "";
			projectRoot = "";
			targets = (
				39B546581C04708200F87235 /* Cheerlights */,
			);
		};
/* End PBXProject section */

/* Begin PBXResourcesBuildPhase section */
		39B546571C04708200F87235 /* Resources */ = {
			isa = PBXResourcesBuildPhase;
			buildActionMask = 2147483647;
			files = (
				39B5465F1C04708200F87235 /* Assets.xcassets in Resources */,
				39B546621C04708200F87235 /* MainMenu.xib in Resources */,
			);
			runOnlyForDeploymentPostprocessing = 0;
		};
/* End PBXResourcesBuildPhase section */

/* Begin PBXSourcesBuildPhase section */
		39B546551C04708200F87235 /* Sources */ = {
			isa = PBXSourcesBuildPhase;
			buildActionMask = 2147483647;
			files = (
				39B5466E1C0479BF00F87235 /* NSImage+SwatchWithColor.swift in Sources */,
				39B5466A1C04727100F87235 /* CLMenuItem.swift in Sources */,
				39B5466C1C0475FC00F87235 /* NSColor+Hex.swift in Sources */,
				39B5465D1C04708200F87235 /* AppDelegate.swift in Sources */,
			);
			runOnlyForDeploymentPostprocessing = 0;
		};
/* End PBXSourcesBuildPhase section */

/* Begin PBXVariantGroup section */
		39B546601C04708200F87235 /* MainMenu.xib */ = {
			isa = PBXVariantGroup;
			children = (
				39B546611C04708200F87235 /* Base */,
			);
			name = MainMenu.xib;
			sourceTree = "<group>";
		};
/* End PBXVariantGroup section */

/* Begin XCBuildConfiguration section */
		39B546641C04708200F87235 /* Debug */ = {
			isa = XCBuildConfiguration;
			buildSettings = {
				ALWAYS_SEARCH_USER_PATHS = NO;
				CLANG_CXX_LANGUAGE_STANDARD = "gnu++0x";
				CLANG_CXX_LIBRARY = "libc++";
				CLANG_ENABLE_MODULES = YES;
				CLANG_ENABLE_OBJC_ARC = YES;
				CLANG_WARN_BOOL_CONVERSION = YES;
				CLANG_WARN_CONSTANT_CONVERSION = YES;
				CLANG_WARN_DIRECT_OBJC_ISA_USAGE = YES_ERROR;
				CLANG_WARN_EMPTY_BODY = YES;
				CLANG_WARN_ENUM_CONVERSION = YES;
				CLANG_WARN_INT_CONVERSION = YES;
				CLANG_WARN_OBJC_ROOT_CLASS = YES_ERROR;
				CLANG_WARN_UNREACHABLE_CODE = YES;
				CLANG_WARN__DUPLICATE_METHOD_MATCH = YES;
				CODE_SIGN_IDENTITY = "-";
				COPY_PHASE_STRIP = NO;
				DEBUG_INFORMATION_FORMAT = dwarf;
				ENABLE_STRICT_OBJC_MSGSEND = YES;
				ENABLE_TESTABILITY = YES;
				GCC_C_LANGUAGE_STANDARD = gnu99;
				GCC_DYNAMIC_NO_PIC = NO;
				GCC_NO_COMMON_BLOCKS = YES;
				GCC_OPTIMIZATION_LEVEL = 0;
				GCC_PREPROCESSOR_DEFINITIONS = (
					"DEBUG=1",
					"$(inherited)",
				);
				GCC_WARN_64_TO_32_BIT_CONVERSION = YES;
				GCC_WARN_ABOUT_RETURN_TYPE = YES_ERROR;
				GCC_WARN_UNDECLARED_SELECTOR = YES;
				GCC_WARN_UNINITIALIZED_AUTOS = YES_AGGRESSIVE;
				GCC_WARN_UNUSED_FUNCTION = YES;
				GCC_WARN_UNUSED_VARIABLE = YES;
				MACOSX_DEPLOYMENT_TARGET = 10.11;
				MTL_ENABLE_DEBUG_INFO = YES;
				ONLY_ACTIVE_ARCH = YES;
				SDKROOT = macosx;
				SWIFT_OPTIMIZATION_LEVEL = "-Onone";
			};
			name = Debug;
		};
		39B546651C04708200F87235 /* Release */ = {
			isa = XCBuildConfiguration;
			buildSettings = {
				ALWAYS_SEARCH_USER_PATHS = NO;
				CLANG_CXX_LANGUAGE_STANDARD = "gnu++0x";
				CLANG_CXX_LIBRARY = "libc++";
				CLANG_ENABLE_MODULES = YES;
				CLANG_ENABLE_OBJC_ARC = YES;
				CLANG_WARN_BOOL_CONVERSION = YES;
				CLANG_WARN_CONSTANT_CONVERSION = YES;
				CLANG_WARN_DIRECT_OBJC_ISA_USAGE = YES_ERROR;
				CLANG_WARN_EMPTY_BODY = YES;
				CLANG_WARN_ENUM_CONVERSION = YES;
				CLANG_WARN_INT_CONVERSION = YES;
				CLANG_WARN_OBJC_ROOT_CLASS = YES_ERROR;
				CLANG_WARN_UNREACHABLE_CODE = YES;
				CLANG_WARN__DUPLICATE_METHOD_MATCH = YES;
				CODE_SIGN_IDENTITY = "-";
				COPY_PHASE_STRIP = NO;
				DEBUG_INFORMATION_FORMAT = "dwarf-with-dsym";
				ENABLE_NS_ASSERTIONS = NO;
				ENABLE_STRICT_OBJC_MSGSEND = YES;
				GCC_C_LANGUAGE_STANDARD = gnu99;
				GCC_NO_COMMON_BLOCKS = YES;
				GCC_WARN_64_TO_32_BIT_CONVERSION = YES;
				GCC_WARN_ABOUT_RETURN_TYPE = YES_ERROR;
				GCC_WARN_UNDECLARED_SELECTOR = YES;
				GCC_WARN_UNINITIALIZED_AUTOS = YES_AGGRESSIVE;
				GCC_WARN_UNUSED_FUNCTION = YES;
				GCC_WARN_UNUSED_VARIABLE = YES;
				MACOSX_DEPLOYMENT_TARGET = 10.11;
				MTL_ENABLE_DEBUG_INFO = NO;
				SDKROOT = macosx;
			};
			name = Release;
		};
		39B546671C04708200F87235 /* Debug */ = {
			isa = XCBuildConfiguration;
			buildSettings = {
				ASSETCATALOG_COMPILER_APPICON_NAME = AppIcon;
				CODE_SIGN_IDENTITY = "Developer ID Application";
				COMBINE_HIDPI_IMAGES = YES;
				INFOPLIST_FILE = Cheerlights/Info.plist;
				LD_RUNPATH_SEARCH_PATHS = "$(inherited) @executable_path/../Frameworks";
				PRODUCT_BUNDLE_IDENTIFIER = io.kilian.Cheerlights;
				PRODUCT_NAME = "$(TARGET_NAME)";
			};
			name = Debug;
		};
		39B546681C04708200F87235 /* Release */ = {
			isa = XCBuildConfiguration;
			buildSettings = {
				ASSETCATALOG_COMPILER_APPICON_NAME = AppIcon;
				CODE_SIGN_IDENTITY = "Developer ID Application";
				COMBINE_HIDPI_IMAGES = YES;
				INFOPLIST_FILE = Cheerlights/Info.plist;
				LD_RUNPATH_SEARCH_PATHS = "$(inherited) @executable_path/../Frameworks";
				PRODUCT_BUNDLE_IDENTIFIER = io.kilian.Cheerlights;
				PRODUCT_NAME = "$(TARGET_NAME)";
			};
			name = Release;
		};
/* End XCBuildConfiguration section */

/* Begin XCConfigurationList section */
		39B546541C04708200F87235 /* Build configuration list for PBXProject "Cheerlights" */ = {
			isa = XCConfigurationList;
			buildConfigurations = (
				39B546641C04708200F87235 /* Debug */,
				39B546651C04708200F87235 /* Release */,
			);
			defaultConfigurationIsVisible = 0;
			defaultConfigurationName = Release;
		};
		39B546661C04708200F87235 /* Build configuration list for PBXNativeTarget "Cheerlights" */ = {
			isa = XCConfigurationList;
			buildConfigurations = (
				39B546671C04708200F87235 /* Debug */,
				39B546681C04708200F87235 /* Release */,
			);
			defaultConfigurationIsVisible = 0;
		};
/* End XCConfigurationList section */
	};
	rootObject = 39B546511C04708200F87235 /* Project object */;
}
